
Microsoft Visual Studio Solution File, Format Version 12.00
# Visual Studio 15
VisualStudioVersion = 15.0.27004.2009
MinimumVisualStudioVersion = 10.0.40219.1
Project("{8BC9CEB8-8B4A-11D0-8D11-00A0C91BC942}") = "neuoj 1344 Eat walnuts again", "neuoj 1344 Eat walnuts again\neuoj 1344 Eat walnuts again.vcxproj", "{F942F53C-C53A-49AA-B30E-A20016721153}"
EndProject
Global
	GlobalSection(SolutionConfigurationPlatforms) = preSolution
		Debug|x64 = Debug|x64
		Debug|x86 = Debug|x86
		Release|x64 = Release|x64
		Release|x86 = Release|x86
	EndGlobalSection
	GlobalSection(ProjectConfigurationPlatforms) = postSolution
		{F942F53C-C53A-49AA-B30E-A20016721153}.Debug|x64.ActiveCfg = Debug|x64
		{F942F53C-C53A-49AA-B30E-A20016721153}.Debug|x64.Build.0 = Debug|x64
		{F942F53C-C53A-49AA-B30E-A20016721153}.Debug|x86.ActiveCfg = Debug|Win32
		{F942F53C-C53A-49AA-B30E-A20016721153}.Debug|x86.Build.0 = Debug|Win32
		{F942F53C-C53A-49AA-B30E-A20016721153}.Release|x64.ActiveCfg = Release|x64
		{F942F53C-C53A-49AA-B30E-A20016721153}.Release|x64.Build.0 = Release|x64
		{F942F53C-C53A-49AA-B30E-A20016721153}.Release|x86.ActiveCfg = Release|Win32
		{F942F53C-C53A-49AA-B30E-A20016721153}.Release|x86.Build.0 = Release|Win32
	EndGlobalSection
	GlobalSection(SolutionProperties) = preSolution
		HideSolutionNode = FALSE
	EndGlobalSection
	GlobalSection(ExtensibilityGlobals) = postSolution
		SolutionGuid = {ACD601DC-CB37-4518-8870-F275753CD139}
	EndGlobalSection
EndGlobal
