
Microsoft Visual Studio Solution File, Format Version 12.00
# Visual Studio 15
VisualStudioVersion = 15.0.27004.2009
MinimumVisualStudioVersion = 10.0.40219.1
Project("{8BC9CEB8-8B4A-11D0-8D11-00A0C91BC942}") = "2019-1-15 Mine Sweeper", "2019-1-15 Mine Sweeper\2019-1-15 Mine Sweeper.vcxproj", "{969318D7-29D4-45E1-879D-591C7BD873E5}"
EndProject
Global
	GlobalSection(SolutionConfigurationPlatforms) = preSolution
		Debug|x64 = Debug|x64
		Debug|x86 = Debug|x86
		Release|x64 = Release|x64
		Release|x86 = Release|x86
	EndGlobalSection
	GlobalSection(ProjectConfigurationPlatforms) = postSolution
		{969318D7-29D4-45E1-879D-591C7BD873E5}.Debug|x64.ActiveCfg = Debug|x64
		{969318D7-29D4-45E1-879D-591C7BD873E5}.Debug|x64.Build.0 = Debug|x64
		{969318D7-29D4-45E1-879D-591C7BD873E5}.Debug|x86.ActiveCfg = Debug|Win32
		{969318D7-29D4-45E1-879D-591C7BD873E5}.Debug|x86.Build.0 = Debug|Win32
		{969318D7-29D4-45E1-879D-591C7BD873E5}.Release|x64.ActiveCfg = Release|x64
		{969318D7-29D4-45E1-879D-591C7BD873E5}.Release|x64.Build.0 = Release|x64
		{969318D7-29D4-45E1-879D-591C7BD873E5}.Release|x86.ActiveCfg = Release|Win32
		{969318D7-29D4-45E1-879D-591C7BD873E5}.Release|x86.Build.0 = Release|Win32
	EndGlobalSection
	GlobalSection(SolutionProperties) = preSolution
		HideSolutionNode = FALSE
	EndGlobalSection
	GlobalSection(ExtensibilityGlobals) = postSolution
		SolutionGuid = {D5903C64-E249-4814-B2AF-5401C0CEF969}
	EndGlobalSection
EndGlobal
