
Microsoft Visual Studio Solution File, Format Version 12.00
# Visual Studio 15
VisualStudioVersion = 15.0.27004.2009
MinimumVisualStudioVersion = 10.0.40219.1
Project("{8BC9CEB8-8B4A-11D0-8D11-00A0C91BC942}") = "ConsoleApplication1", "ConsoleApplication1\ConsoleApplication1.vcxproj", "{C250128B-6F02-4960-98B9-A9E90AAC5712}"
EndProject
Global
	GlobalSection(SolutionConfigurationPlatforms) = preSolution
		Debug|x64 = Debug|x64
		Debug|x86 = Debug|x86
		Release|x64 = Release|x64
		Release|x86 = Release|x86
	EndGlobalSection
	GlobalSection(ProjectConfigurationPlatforms) = postSolution
		{C250128B-6F02-4960-98B9-A9E90AAC5712}.Debug|x64.ActiveCfg = Debug|x64
		{C250128B-6F02-4960-98B9-A9E90AAC5712}.Debug|x64.Build.0 = Debug|x64
		{C250128B-6F02-4960-98B9-A9E90AAC5712}.Debug|x86.ActiveCfg = Debug|Win32
		{C250128B-6F02-4960-98B9-A9E90AAC5712}.Debug|x86.Build.0 = Debug|Win32
		{C250128B-6F02-4960-98B9-A9E90AAC5712}.Release|x64.ActiveCfg = Release|x64
		{C250128B-6F02-4960-98B9-A9E90AAC5712}.Release|x64.Build.0 = Release|x64
		{C250128B-6F02-4960-98B9-A9E90AAC5712}.Release|x86.ActiveCfg = Release|Win32
		{C250128B-6F02-4960-98B9-A9E90AAC5712}.Release|x86.Build.0 = Release|Win32
	EndGlobalSection
	GlobalSection(SolutionProperties) = preSolution
		HideSolutionNode = FALSE
	EndGlobalSection
	GlobalSection(ExtensibilityGlobals) = postSolution
		SolutionGuid = {8D53CEBE-B16C-486C-85F1-954D396762DA}
	EndGlobalSection
EndGlobal
