
Microsoft Visual Studio Solution File, Format Version 12.00
# Visual Studio 15
VisualStudioVersion = 15.0.27004.2009
MinimumVisualStudioVersion = 10.0.40219.1
Project("{8BC9CEB8-8B4A-11D0-8D11-00A0C91BC942}") = "2018-9-2 H - The Erythea Campaign", "2018-9-2 H - The Erythea Campaign\2018-9-2 H - The Erythea Campaign.vcxproj", "{CBC54C22-2BC3-42AE-BFB4-4E4C3FA92E22}"
EndProject
Global
	GlobalSection(SolutionConfigurationPlatforms) = preSolution
		Debug|x64 = Debug|x64
		Debug|x86 = Debug|x86
		Release|x64 = Release|x64
		Release|x86 = Release|x86
	EndGlobalSection
	GlobalSection(ProjectConfigurationPlatforms) = postSolution
		{CBC54C22-2BC3-42AE-BFB4-4E4C3FA92E22}.Debug|x64.ActiveCfg = Debug|x64
		{CBC54C22-2BC3-42AE-BFB4-4E4C3FA92E22}.Debug|x64.Build.0 = Debug|x64
		{CBC54C22-2BC3-42AE-BFB4-4E4C3FA92E22}.Debug|x86.ActiveCfg = Debug|Win32
		{CBC54C22-2BC3-42AE-BFB4-4E4C3FA92E22}.Debug|x86.Build.0 = Debug|Win32
		{CBC54C22-2BC3-42AE-BFB4-4E4C3FA92E22}.Release|x64.ActiveCfg = Release|x64
		{CBC54C22-2BC3-42AE-BFB4-4E4C3FA92E22}.Release|x64.Build.0 = Release|x64
		{CBC54C22-2BC3-42AE-BFB4-4E4C3FA92E22}.Release|x86.ActiveCfg = Release|Win32
		{CBC54C22-2BC3-42AE-BFB4-4E4C3FA92E22}.Release|x86.Build.0 = Release|Win32
	EndGlobalSection
	GlobalSection(SolutionProperties) = preSolution
		HideSolutionNode = FALSE
	EndGlobalSection
	GlobalSection(ExtensibilityGlobals) = postSolution
		SolutionGuid = {5FCD9973-7FFF-4EDF-BFD6-94C0E1C7F4EB}
	EndGlobalSection
EndGlobal
