
Microsoft Visual Studio Solution File, Format Version 12.00
# Visual Studio 15
VisualStudioVersion = 15.0.27004.2009
MinimumVisualStudioVersion = 10.0.40219.1
Project("{8BC9CEB8-8B4A-11D0-8D11-00A0C91BC942}") = "2018-8-11 A. New Building for SIS", "2018-8-11 A. New Building for SIS\2018-8-11 A. New Building for SIS.vcxproj", "{34033B11-A35A-4615-8488-FA4B669392FE}"
EndProject
Global
	GlobalSection(SolutionConfigurationPlatforms) = preSolution
		Debug|x64 = Debug|x64
		Debug|x86 = Debug|x86
		Release|x64 = Release|x64
		Release|x86 = Release|x86
	EndGlobalSection
	GlobalSection(ProjectConfigurationPlatforms) = postSolution
		{34033B11-A35A-4615-8488-FA4B669392FE}.Debug|x64.ActiveCfg = Debug|x64
		{34033B11-A35A-4615-8488-FA4B669392FE}.Debug|x64.Build.0 = Debug|x64
		{34033B11-A35A-4615-8488-FA4B669392FE}.Debug|x86.ActiveCfg = Debug|Win32
		{34033B11-A35A-4615-8488-FA4B669392FE}.Debug|x86.Build.0 = Debug|Win32
		{34033B11-A35A-4615-8488-FA4B669392FE}.Release|x64.ActiveCfg = Release|x64
		{34033B11-A35A-4615-8488-FA4B669392FE}.Release|x64.Build.0 = Release|x64
		{34033B11-A35A-4615-8488-FA4B669392FE}.Release|x86.ActiveCfg = Release|Win32
		{34033B11-A35A-4615-8488-FA4B669392FE}.Release|x86.Build.0 = Release|Win32
	EndGlobalSection
	GlobalSection(SolutionProperties) = preSolution
		HideSolutionNode = FALSE
	EndGlobalSection
	GlobalSection(ExtensibilityGlobals) = postSolution
		SolutionGuid = {D5C92E26-F732-4033-AFD2-FE749264FEC2}
	EndGlobalSection
EndGlobal
