
Microsoft Visual Studio Solution File, Format Version 12.00
# Visual Studio 15
VisualStudioVersion = 15.0.27004.2009
MinimumVisualStudioVersion = 10.0.40219.1
Project("{8BC9CEB8-8B4A-11D0-8D11-00A0C91BC942}") = "2018-10-13 5.Games", "2018-10-13 5.Games\2018-10-13 5.Games.vcxproj", "{5DBBE069-4438-410C-86AD-8AE9FB364024}"
EndProject
Global
	GlobalSection(SolutionConfigurationPlatforms) = preSolution
		Debug|x64 = Debug|x64
		Debug|x86 = Debug|x86
		Release|x64 = Release|x64
		Release|x86 = Release|x86
	EndGlobalSection
	GlobalSection(ProjectConfigurationPlatforms) = postSolution
		{5DBBE069-4438-410C-86AD-8AE9FB364024}.Debug|x64.ActiveCfg = Debug|x64
		{5DBBE069-4438-410C-86AD-8AE9FB364024}.Debug|x64.Build.0 = Debug|x64
		{5DBBE069-4438-410C-86AD-8AE9FB364024}.Debug|x86.ActiveCfg = Debug|Win32
		{5DBBE069-4438-410C-86AD-8AE9FB364024}.Debug|x86.Build.0 = Debug|Win32
		{5DBBE069-4438-410C-86AD-8AE9FB364024}.Release|x64.ActiveCfg = Release|x64
		{5DBBE069-4438-410C-86AD-8AE9FB364024}.Release|x64.Build.0 = Release|x64
		{5DBBE069-4438-410C-86AD-8AE9FB364024}.Release|x86.ActiveCfg = Release|Win32
		{5DBBE069-4438-410C-86AD-8AE9FB364024}.Release|x86.Build.0 = Release|Win32
	EndGlobalSection
	GlobalSection(SolutionProperties) = preSolution
		HideSolutionNode = FALSE
	EndGlobalSection
	GlobalSection(ExtensibilityGlobals) = postSolution
		SolutionGuid = {2014CFE6-8A2A-48CF-B86E-488AE15A23B8}
	EndGlobalSection
EndGlobal
