
Microsoft Visual Studio Solution File, Format Version 12.00
# Visual Studio 15
VisualStudioVersion = 15.0.27004.2009
MinimumVisualStudioVersion = 10.0.40219.1
Project("{8BC9CEB8-8B4A-11D0-8D11-00A0C91BC942}") = "2018-6-1 Substrings Sort", "2018-6-1 Substrings Sort\2018-6-1 Substrings Sort.vcxproj", "{B4174FAC-C01C-4896-981F-457CC6090BFE}"
EndProject
Global
	GlobalSection(SolutionConfigurationPlatforms) = preSolution
		Debug|x64 = Debug|x64
		Debug|x86 = Debug|x86
		Release|x64 = Release|x64
		Release|x86 = Release|x86
	EndGlobalSection
	GlobalSection(ProjectConfigurationPlatforms) = postSolution
		{B4174FAC-C01C-4896-981F-457CC6090BFE}.Debug|x64.ActiveCfg = Debug|x64
		{B4174FAC-C01C-4896-981F-457CC6090BFE}.Debug|x64.Build.0 = Debug|x64
		{B4174FAC-C01C-4896-981F-457CC6090BFE}.Debug|x86.ActiveCfg = Debug|Win32
		{B4174FAC-C01C-4896-981F-457CC6090BFE}.Debug|x86.Build.0 = Debug|Win32
		{B4174FAC-C01C-4896-981F-457CC6090BFE}.Release|x64.ActiveCfg = Release|x64
		{B4174FAC-C01C-4896-981F-457CC6090BFE}.Release|x64.Build.0 = Release|x64
		{B4174FAC-C01C-4896-981F-457CC6090BFE}.Release|x86.ActiveCfg = Release|Win32
		{B4174FAC-C01C-4896-981F-457CC6090BFE}.Release|x86.Build.0 = Release|Win32
	EndGlobalSection
	GlobalSection(SolutionProperties) = preSolution
		HideSolutionNode = FALSE
	EndGlobalSection
	GlobalSection(ExtensibilityGlobals) = postSolution
		SolutionGuid = {852737B0-20D7-42F2-9C35-B40D908E386E}
	EndGlobalSection
EndGlobal
