
Microsoft Visual Studio Solution File, Format Version 12.00
# Visual Studio 15
VisualStudioVersion = 15.0.27004.2009
MinimumVisualStudioVersion = 10.0.40219.1
Project("{8BC9CEB8-8B4A-11D0-8D11-00A0C91BC942}") = "2018-8-31 F - The Robbery (2)", "2018-8-31 F - The Robbery (2)\2018-8-31 F - The Robbery (2).vcxproj", "{0553177E-7B85-4C4C-B19A-ECD425CEBCCD}"
EndProject
Global
	GlobalSection(SolutionConfigurationPlatforms) = preSolution
		Debug|x64 = Debug|x64
		Debug|x86 = Debug|x86
		Release|x64 = Release|x64
		Release|x86 = Release|x86
	EndGlobalSection
	GlobalSection(ProjectConfigurationPlatforms) = postSolution
		{0553177E-7B85-4C4C-B19A-ECD425CEBCCD}.Debug|x64.ActiveCfg = Debug|x64
		{0553177E-7B85-4C4C-B19A-ECD425CEBCCD}.Debug|x64.Build.0 = Debug|x64
		{0553177E-7B85-4C4C-B19A-ECD425CEBCCD}.Debug|x86.ActiveCfg = Debug|Win32
		{0553177E-7B85-4C4C-B19A-ECD425CEBCCD}.Debug|x86.Build.0 = Debug|Win32
		{0553177E-7B85-4C4C-B19A-ECD425CEBCCD}.Release|x64.ActiveCfg = Release|x64
		{0553177E-7B85-4C4C-B19A-ECD425CEBCCD}.Release|x64.Build.0 = Release|x64
		{0553177E-7B85-4C4C-B19A-ECD425CEBCCD}.Release|x86.ActiveCfg = Release|Win32
		{0553177E-7B85-4C4C-B19A-ECD425CEBCCD}.Release|x86.Build.0 = Release|Win32
	EndGlobalSection
	GlobalSection(SolutionProperties) = preSolution
		HideSolutionNode = FALSE
	EndGlobalSection
	GlobalSection(ExtensibilityGlobals) = postSolution
		SolutionGuid = {02DC4E44-9CD5-4E43-AE70-EC14F4D86C3B}
	EndGlobalSection
EndGlobal
