
Microsoft Visual Studio Solution File, Format Version 12.00
# Visual Studio 15
VisualStudioVersion = 15.0.27004.2009
MinimumVisualStudioVersion = 10.0.40219.1
Project("{8BC9CEB8-8B4A-11D0-8D11-00A0C91BC942}") = "2018-7-26 B. Planning The Expedition", "2018-7-26 B. Planning The Expedition\2018-7-26 B. Planning The Expedition.vcxproj", "{58EE7963-27BC-421D-B4C2-B3CAAEF47F13}"
EndProject
Global
	GlobalSection(SolutionConfigurationPlatforms) = preSolution
		Debug|x64 = Debug|x64
		Debug|x86 = Debug|x86
		Release|x64 = Release|x64
		Release|x86 = Release|x86
	EndGlobalSection
	GlobalSection(ProjectConfigurationPlatforms) = postSolution
		{58EE7963-27BC-421D-B4C2-B3CAAEF47F13}.Debug|x64.ActiveCfg = Debug|x64
		{58EE7963-27BC-421D-B4C2-B3CAAEF47F13}.Debug|x64.Build.0 = Debug|x64
		{58EE7963-27BC-421D-B4C2-B3CAAEF47F13}.Debug|x86.ActiveCfg = Debug|Win32
		{58EE7963-27BC-421D-B4C2-B3CAAEF47F13}.Debug|x86.Build.0 = Debug|Win32
		{58EE7963-27BC-421D-B4C2-B3CAAEF47F13}.Release|x64.ActiveCfg = Release|x64
		{58EE7963-27BC-421D-B4C2-B3CAAEF47F13}.Release|x64.Build.0 = Release|x64
		{58EE7963-27BC-421D-B4C2-B3CAAEF47F13}.Release|x86.ActiveCfg = Release|Win32
		{58EE7963-27BC-421D-B4C2-B3CAAEF47F13}.Release|x86.Build.0 = Release|Win32
	EndGlobalSection
	GlobalSection(SolutionProperties) = preSolution
		HideSolutionNode = FALSE
	EndGlobalSection
	GlobalSection(ExtensibilityGlobals) = postSolution
		SolutionGuid = {A3FC3796-43BD-405D-A8CF-4E504A41CE2E}
	EndGlobalSection
EndGlobal
