
Microsoft Visual Studio Solution File, Format Version 12.00
# Visual Studio 15
VisualStudioVersion = 15.0.28307.271
MinimumVisualStudioVersion = 10.0.40219.1
Project("{8BC9CEB8-8B4A-11D0-8D11-00A0C91BC942}") = "2019-1-29  Kadj Squares", "2019-1-29  Kadj Squares\2019-1-29  Kadj Squares.vcxproj", "{E1E68697-6508-4516-A441-9B3B828B873E}"
EndProject
Global
	GlobalSection(SolutionConfigurationPlatforms) = preSolution
		Debug|x64 = Debug|x64
		Debug|x86 = Debug|x86
		Release|x64 = Release|x64
		Release|x86 = Release|x86
	EndGlobalSection
	GlobalSection(ProjectConfigurationPlatforms) = postSolution
		{E1E68697-6508-4516-A441-9B3B828B873E}.Debug|x64.ActiveCfg = Debug|x64
		{E1E68697-6508-4516-A441-9B3B828B873E}.Debug|x64.Build.0 = Debug|x64
		{E1E68697-6508-4516-A441-9B3B828B873E}.Debug|x86.ActiveCfg = Debug|Win32
		{E1E68697-6508-4516-A441-9B3B828B873E}.Debug|x86.Build.0 = Debug|Win32
		{E1E68697-6508-4516-A441-9B3B828B873E}.Release|x64.ActiveCfg = Release|x64
		{E1E68697-6508-4516-A441-9B3B828B873E}.Release|x64.Build.0 = Release|x64
		{E1E68697-6508-4516-A441-9B3B828B873E}.Release|x86.ActiveCfg = Release|Win32
		{E1E68697-6508-4516-A441-9B3B828B873E}.Release|x86.Build.0 = Release|Win32
	EndGlobalSection
	GlobalSection(SolutionProperties) = preSolution
		HideSolutionNode = FALSE
	EndGlobalSection
	GlobalSection(ExtensibilityGlobals) = postSolution
		SolutionGuid = {A43DBB6B-D532-4328-A4C8-58AFD985E75B}
	EndGlobalSection
EndGlobal
