
Microsoft Visual Studio Solution File, Format Version 12.00
# Visual Studio 15
VisualStudioVersion = 15.0.27004.2009
MinimumVisualStudioVersion = 10.0.40219.1
Project("{8BC9CEB8-8B4A-11D0-8D11-00A0C91BC942}") = "2018-7-27 H - 饭卡", "2018-7-27 H - 饭卡\2018-7-27 H - 饭卡.vcxproj", "{81A3C754-84C5-47DB-88E6-15440C604686}"
EndProject
Global
	GlobalSection(SolutionConfigurationPlatforms) = preSolution
		Debug|x64 = Debug|x64
		Debug|x86 = Debug|x86
		Release|x64 = Release|x64
		Release|x86 = Release|x86
	EndGlobalSection
	GlobalSection(ProjectConfigurationPlatforms) = postSolution
		{81A3C754-84C5-47DB-88E6-15440C604686}.Debug|x64.ActiveCfg = Debug|x64
		{81A3C754-84C5-47DB-88E6-15440C604686}.Debug|x64.Build.0 = Debug|x64
		{81A3C754-84C5-47DB-88E6-15440C604686}.Debug|x86.ActiveCfg = Debug|Win32
		{81A3C754-84C5-47DB-88E6-15440C604686}.Debug|x86.Build.0 = Debug|Win32
		{81A3C754-84C5-47DB-88E6-15440C604686}.Release|x64.ActiveCfg = Release|x64
		{81A3C754-84C5-47DB-88E6-15440C604686}.Release|x64.Build.0 = Release|x64
		{81A3C754-84C5-47DB-88E6-15440C604686}.Release|x86.ActiveCfg = Release|Win32
		{81A3C754-84C5-47DB-88E6-15440C604686}.Release|x86.Build.0 = Release|Win32
	EndGlobalSection
	GlobalSection(SolutionProperties) = preSolution
		HideSolutionNode = FALSE
	EndGlobalSection
	GlobalSection(ExtensibilityGlobals) = postSolution
		SolutionGuid = {AEFB793B-3D05-410A-B91E-935BDB607FEA}
	EndGlobalSection
EndGlobal
