
Microsoft Visual Studio Solution File, Format Version 12.00
# Visual Studio 15
VisualStudioVersion = 15.0.27004.2009
MinimumVisualStudioVersion = 10.0.40219.1
Project("{8BC9CEB8-8B4A-11D0-8D11-00A0C91BC942}") = "2018-12-11前中后缀相关", "2018-12-11前中后缀相关\2018-12-11前中后缀相关.vcxproj", "{F8415F86-8A7E-4DC5-AD63-92D0C1A6649C}"
EndProject
Global
	GlobalSection(SolutionConfigurationPlatforms) = preSolution
		Debug|x64 = Debug|x64
		Debug|x86 = Debug|x86
		Release|x64 = Release|x64
		Release|x86 = Release|x86
	EndGlobalSection
	GlobalSection(ProjectConfigurationPlatforms) = postSolution
		{F8415F86-8A7E-4DC5-AD63-92D0C1A6649C}.Debug|x64.ActiveCfg = Debug|x64
		{F8415F86-8A7E-4DC5-AD63-92D0C1A6649C}.Debug|x64.Build.0 = Debug|x64
		{F8415F86-8A7E-4DC5-AD63-92D0C1A6649C}.Debug|x86.ActiveCfg = Debug|Win32
		{F8415F86-8A7E-4DC5-AD63-92D0C1A6649C}.Debug|x86.Build.0 = Debug|Win32
		{F8415F86-8A7E-4DC5-AD63-92D0C1A6649C}.Release|x64.ActiveCfg = Release|x64
		{F8415F86-8A7E-4DC5-AD63-92D0C1A6649C}.Release|x64.Build.0 = Release|x64
		{F8415F86-8A7E-4DC5-AD63-92D0C1A6649C}.Release|x86.ActiveCfg = Release|Win32
		{F8415F86-8A7E-4DC5-AD63-92D0C1A6649C}.Release|x86.Build.0 = Release|Win32
	EndGlobalSection
	GlobalSection(SolutionProperties) = preSolution
		HideSolutionNode = FALSE
	EndGlobalSection
	GlobalSection(ExtensibilityGlobals) = postSolution
		SolutionGuid = {A7BCC458-9A2F-48C2-8304-8548FFEE2367}
	EndGlobalSection
EndGlobal
