
Microsoft Visual Studio Solution File, Format Version 12.00
# Visual Studio 15
VisualStudioVersion = 15.0.27004.2009
MinimumVisualStudioVersion = 10.0.40219.1
Project("{8BC9CEB8-8B4A-11D0-8D11-00A0C91BC942}") = "2019-2-2 哈密顿绕行世界问题", "2019-2-2 哈密顿绕行世界问题\2019-2-2 哈密顿绕行世界问题.vcxproj", "{CA18799C-77FB-4093-A6B0-7AE2BB1F68F4}"
EndProject
Global
	GlobalSection(SolutionConfigurationPlatforms) = preSolution
		Debug|x64 = Debug|x64
		Debug|x86 = Debug|x86
		Release|x64 = Release|x64
		Release|x86 = Release|x86
	EndGlobalSection
	GlobalSection(ProjectConfigurationPlatforms) = postSolution
		{CA18799C-77FB-4093-A6B0-7AE2BB1F68F4}.Debug|x64.ActiveCfg = Debug|x64
		{CA18799C-77FB-4093-A6B0-7AE2BB1F68F4}.Debug|x64.Build.0 = Debug|x64
		{CA18799C-77FB-4093-A6B0-7AE2BB1F68F4}.Debug|x86.ActiveCfg = Debug|Win32
		{CA18799C-77FB-4093-A6B0-7AE2BB1F68F4}.Debug|x86.Build.0 = Debug|Win32
		{CA18799C-77FB-4093-A6B0-7AE2BB1F68F4}.Release|x64.ActiveCfg = Release|x64
		{CA18799C-77FB-4093-A6B0-7AE2BB1F68F4}.Release|x64.Build.0 = Release|x64
		{CA18799C-77FB-4093-A6B0-7AE2BB1F68F4}.Release|x86.ActiveCfg = Release|Win32
		{CA18799C-77FB-4093-A6B0-7AE2BB1F68F4}.Release|x86.Build.0 = Release|Win32
	EndGlobalSection
	GlobalSection(SolutionProperties) = preSolution
		HideSolutionNode = FALSE
	EndGlobalSection
	GlobalSection(ExtensibilityGlobals) = postSolution
		SolutionGuid = {E9C09D95-F867-44FE-B25D-2EFBA19A8745}
	EndGlobalSection
EndGlobal
