
Microsoft Visual Studio Solution File, Format Version 12.00
# Visual Studio 15
VisualStudioVersion = 15.0.27004.2009
MinimumVisualStudioVersion = 10.0.40219.1
Project("{8BC9CEB8-8B4A-11D0-8D11-00A0C91BC942}") = "2018-7-26 G - Reward", "2018-7-26 G - Reward\2018-7-26 G - Reward.vcxproj", "{76829716-3797-4C2F-86D9-E719C9D49914}"
EndProject
Global
	GlobalSection(SolutionConfigurationPlatforms) = preSolution
		Debug|x64 = Debug|x64
		Debug|x86 = Debug|x86
		Release|x64 = Release|x64
		Release|x86 = Release|x86
	EndGlobalSection
	GlobalSection(ProjectConfigurationPlatforms) = postSolution
		{76829716-3797-4C2F-86D9-E719C9D49914}.Debug|x64.ActiveCfg = Debug|x64
		{76829716-3797-4C2F-86D9-E719C9D49914}.Debug|x64.Build.0 = Debug|x64
		{76829716-3797-4C2F-86D9-E719C9D49914}.Debug|x86.ActiveCfg = Debug|Win32
		{76829716-3797-4C2F-86D9-E719C9D49914}.Debug|x86.Build.0 = Debug|Win32
		{76829716-3797-4C2F-86D9-E719C9D49914}.Release|x64.ActiveCfg = Release|x64
		{76829716-3797-4C2F-86D9-E719C9D49914}.Release|x64.Build.0 = Release|x64
		{76829716-3797-4C2F-86D9-E719C9D49914}.Release|x86.ActiveCfg = Release|Win32
		{76829716-3797-4C2F-86D9-E719C9D49914}.Release|x86.Build.0 = Release|Win32
	EndGlobalSection
	GlobalSection(SolutionProperties) = preSolution
		HideSolutionNode = FALSE
	EndGlobalSection
	GlobalSection(ExtensibilityGlobals) = postSolution
		SolutionGuid = {1413D715-4A1A-42CD-83DD-0B8599E1F75E}
	EndGlobalSection
EndGlobal
