
Microsoft Visual Studio Solution File, Format Version 12.00
# Visual Studio 15
VisualStudioVersion = 15.0.27004.2009
MinimumVisualStudioVersion = 10.0.40219.1
Project("{8BC9CEB8-8B4A-11D0-8D11-00A0C91BC942}") = "2018-9-7 D. Vasya and Arrays", "2018-9-7 D. Vasya and Arrays\2018-9-7 D. Vasya and Arrays.vcxproj", "{15B367E4-26ED-47F1-B95A-899BCACB859D}"
EndProject
Global
	GlobalSection(SolutionConfigurationPlatforms) = preSolution
		Debug|x64 = Debug|x64
		Debug|x86 = Debug|x86
		Release|x64 = Release|x64
		Release|x86 = Release|x86
	EndGlobalSection
	GlobalSection(ProjectConfigurationPlatforms) = postSolution
		{15B367E4-26ED-47F1-B95A-899BCACB859D}.Debug|x64.ActiveCfg = Debug|x64
		{15B367E4-26ED-47F1-B95A-899BCACB859D}.Debug|x64.Build.0 = Debug|x64
		{15B367E4-26ED-47F1-B95A-899BCACB859D}.Debug|x86.ActiveCfg = Debug|Win32
		{15B367E4-26ED-47F1-B95A-899BCACB859D}.Debug|x86.Build.0 = Debug|Win32
		{15B367E4-26ED-47F1-B95A-899BCACB859D}.Release|x64.ActiveCfg = Release|x64
		{15B367E4-26ED-47F1-B95A-899BCACB859D}.Release|x64.Build.0 = Release|x64
		{15B367E4-26ED-47F1-B95A-899BCACB859D}.Release|x86.ActiveCfg = Release|Win32
		{15B367E4-26ED-47F1-B95A-899BCACB859D}.Release|x86.Build.0 = Release|Win32
	EndGlobalSection
	GlobalSection(SolutionProperties) = preSolution
		HideSolutionNode = FALSE
	EndGlobalSection
	GlobalSection(ExtensibilityGlobals) = postSolution
		SolutionGuid = {2F68BD9F-4233-4BEA-AECB-3D87461EDCCA}
	EndGlobalSection
EndGlobal
