
Microsoft Visual Studio Solution File, Format Version 12.00
# Visual Studio 15
VisualStudioVersion = 15.0.27004.2009
MinimumVisualStudioVersion = 10.0.40219.1
Project("{8BC9CEB8-8B4A-11D0-8D11-00A0C91BC942}") = "2018-7-26 F - Ordering Tasks", "2018-7-26 F - Ordering Tasks\2018-7-26 F - Ordering Tasks.vcxproj", "{B544240C-CDD1-4A41-9F5C-9DEF11DAED2A}"
EndProject
Global
	GlobalSection(SolutionConfigurationPlatforms) = preSolution
		Debug|x64 = Debug|x64
		Debug|x86 = Debug|x86
		Release|x64 = Release|x64
		Release|x86 = Release|x86
	EndGlobalSection
	GlobalSection(ProjectConfigurationPlatforms) = postSolution
		{B544240C-CDD1-4A41-9F5C-9DEF11DAED2A}.Debug|x64.ActiveCfg = Debug|x64
		{B544240C-CDD1-4A41-9F5C-9DEF11DAED2A}.Debug|x64.Build.0 = Debug|x64
		{B544240C-CDD1-4A41-9F5C-9DEF11DAED2A}.Debug|x86.ActiveCfg = Debug|Win32
		{B544240C-CDD1-4A41-9F5C-9DEF11DAED2A}.Debug|x86.Build.0 = Debug|Win32
		{B544240C-CDD1-4A41-9F5C-9DEF11DAED2A}.Release|x64.ActiveCfg = Release|x64
		{B544240C-CDD1-4A41-9F5C-9DEF11DAED2A}.Release|x64.Build.0 = Release|x64
		{B544240C-CDD1-4A41-9F5C-9DEF11DAED2A}.Release|x86.ActiveCfg = Release|Win32
		{B544240C-CDD1-4A41-9F5C-9DEF11DAED2A}.Release|x86.Build.0 = Release|Win32
	EndGlobalSection
	GlobalSection(SolutionProperties) = preSolution
		HideSolutionNode = FALSE
	EndGlobalSection
	GlobalSection(ExtensibilityGlobals) = postSolution
		SolutionGuid = {0C9AA748-2AA4-4C85-9473-AAF5B337C861}
	EndGlobalSection
EndGlobal
