
Microsoft Visual Studio Solution File, Format Version 12.00
# Visual Studio 15
VisualStudioVersion = 15.0.27004.2009
MinimumVisualStudioVersion = 10.0.40219.1
Project("{8BC9CEB8-8B4A-11D0-8D11-00A0C91BC942}") = "2018-6-11 B. A Tide of Riverscape", "2018-6-11 B. A Tide of Riverscape\2018-6-11 B. A Tide of Riverscape.vcxproj", "{B7A80870-335D-4AF0-987B-6FEF984D1DEB}"
EndProject
Global
	GlobalSection(SolutionConfigurationPlatforms) = preSolution
		Debug|x64 = Debug|x64
		Debug|x86 = Debug|x86
		Release|x64 = Release|x64
		Release|x86 = Release|x86
	EndGlobalSection
	GlobalSection(ProjectConfigurationPlatforms) = postSolution
		{B7A80870-335D-4AF0-987B-6FEF984D1DEB}.Debug|x64.ActiveCfg = Debug|x64
		{B7A80870-335D-4AF0-987B-6FEF984D1DEB}.Debug|x64.Build.0 = Debug|x64
		{B7A80870-335D-4AF0-987B-6FEF984D1DEB}.Debug|x86.ActiveCfg = Debug|Win32
		{B7A80870-335D-4AF0-987B-6FEF984D1DEB}.Debug|x86.Build.0 = Debug|Win32
		{B7A80870-335D-4AF0-987B-6FEF984D1DEB}.Release|x64.ActiveCfg = Release|x64
		{B7A80870-335D-4AF0-987B-6FEF984D1DEB}.Release|x64.Build.0 = Release|x64
		{B7A80870-335D-4AF0-987B-6FEF984D1DEB}.Release|x86.ActiveCfg = Release|Win32
		{B7A80870-335D-4AF0-987B-6FEF984D1DEB}.Release|x86.Build.0 = Release|Win32
	EndGlobalSection
	GlobalSection(SolutionProperties) = preSolution
		HideSolutionNode = FALSE
	EndGlobalSection
	GlobalSection(ExtensibilityGlobals) = postSolution
		SolutionGuid = {E74BA981-0DCB-49DD-A59B-7974873DDD31}
	EndGlobalSection
EndGlobal
